
Microsoft Visual Studio Solution File, Format Version 12.00
# Visual Studio Version 17
VisualStudioVersion = 17.7.34202.233
MinimumVisualStudioVersion = 10.0.40219.1
Project("{FAE04EC0-301F-11D3-BF4B-00C04F79EFBC}") = "RunGroupWebApp", "RunGroupWebApp\RunGroupWebApp.csproj", "{98B2A872-89E4-42CC-A635-651E5527676D}"
EndProject
Global
	GlobalSection(SolutionConfigurationPlatforms) = preSolution
		Debug|Any CPU = Debug|Any CPU
		Release|Any CPU = Release|Any CPU
	EndGlobalSection
	GlobalSection(ProjectConfigurationPlatforms) = postSolution
		{98B2A872-89E4-42CC-A635-651E5527676D}.Debug|Any CPU.ActiveCfg = Debug|Any CPU
		{98B2A872-89E4-42CC-A635-651E5527676D}.Debug|Any CPU.Build.0 = Debug|Any CPU
		{98B2A872-89E4-42CC-A635-651E5527676D}.Release|Any CPU.ActiveCfg = Release|Any CPU
		{98B2A872-89E4-42CC-A635-651E5527676D}.Release|Any CPU.Build.0 = Release|Any CPU
	EndGlobalSection
	GlobalSection(SolutionProperties) = preSolution
		HideSolutionNode = FALSE
	EndGlobalSection
	GlobalSection(ExtensibilityGlobals) = postSolution
		SolutionGuid = {ABA66DEC-0FF1-40CB-83E6-F6C049A053EB}
	EndGlobalSection
EndGlobal
